
Microsoft Visual Studio Solution File, Format Version 12.00
# Visual Studio Version 16
VisualStudioVersion = 16.0.30128.74
MinimumVisualStudioVersion = 15.0.26124.0
Project("{9A19103F-16F7-4668-BE54-9A1E7A4F7556}") = "PngChunkUtil", "src\PngChunkUtil\PngChunkUtil.csproj", "{5387F6FF-2E07-450F-A3BF-04B69026561F}"
EndProject
Project("{9A19103F-16F7-4668-BE54-9A1E7A4F7556}") = "PngChunkUtil.Tests", "test\PngChunkUtil.Tests\PngChunkUtil.Tests.csproj", "{51A2CB99-E192-4E88-B7B6-48E94760D9FB}"
EndProject
Global
	GlobalSection(SolutionConfigurationPlatforms) = preSolution
		Debug|Any CPU = Debug|Any CPU
		Debug|x64 = Debug|x64
		Debug|x86 = Debug|x86
		Release|Any CPU = Release|Any CPU
		Release|x64 = Release|x64
		Release|x86 = Release|x86
	EndGlobalSection
	GlobalSection(ProjectConfigurationPlatforms) = postSolution
		{5387F6FF-2E07-450F-A3BF-04B69026561F}.Debug|Any CPU.ActiveCfg = Debug|Any CPU
		{5387F6FF-2E07-450F-A3BF-04B69026561F}.Debug|Any CPU.Build.0 = Debug|Any CPU
		{5387F6FF-2E07-450F-A3BF-04B69026561F}.Debug|x64.ActiveCfg = Debug|Any CPU
		{5387F6FF-2E07-450F-A3BF-04B69026561F}.Debug|x64.Build.0 = Debug|Any CPU
		{5387F6FF-2E07-450F-A3BF-04B69026561F}.Debug|x86.ActiveCfg = Debug|Any CPU
		{5387F6FF-2E07-450F-A3BF-04B69026561F}.Debug|x86.Build.0 = Debug|Any CPU
		{5387F6FF-2E07-450F-A3BF-04B69026561F}.Release|Any CPU.ActiveCfg = Release|Any CPU
		{5387F6FF-2E07-450F-A3BF-04B69026561F}.Release|Any CPU.Build.0 = Release|Any CPU
		{5387F6FF-2E07-450F-A3BF-04B69026561F}.Release|x64.ActiveCfg = Release|Any CPU
		{5387F6FF-2E07-450F-A3BF-04B69026561F}.Release|x64.Build.0 = Release|Any CPU
		{5387F6FF-2E07-450F-A3BF-04B69026561F}.Release|x86.ActiveCfg = Release|Any CPU
		{5387F6FF-2E07-450F-A3BF-04B69026561F}.Release|x86.Build.0 = Release|Any CPU
		{51A2CB99-E192-4E88-B7B6-48E94760D9FB}.Debug|Any CPU.ActiveCfg = Debug|Any CPU
		{51A2CB99-E192-4E88-B7B6-48E94760D9FB}.Debug|Any CPU.Build.0 = Debug|Any CPU
		{51A2CB99-E192-4E88-B7B6-48E94760D9FB}.Debug|x64.ActiveCfg = Debug|Any CPU
		{51A2CB99-E192-4E88-B7B6-48E94760D9FB}.Debug|x64.Build.0 = Debug|Any CPU
		{51A2CB99-E192-4E88-B7B6-48E94760D9FB}.Debug|x86.ActiveCfg = Debug|Any CPU
		{51A2CB99-E192-4E88-B7B6-48E94760D9FB}.Debug|x86.Build.0 = Debug|Any CPU
		{51A2CB99-E192-4E88-B7B6-48E94760D9FB}.Release|Any CPU.ActiveCfg = Release|Any CPU
		{51A2CB99-E192-4E88-B7B6-48E94760D9FB}.Release|Any CPU.Build.0 = Release|Any CPU
		{51A2CB99-E192-4E88-B7B6-48E94760D9FB}.Release|x64.ActiveCfg = Release|Any CPU
		{51A2CB99-E192-4E88-B7B6-48E94760D9FB}.Release|x64.Build.0 = Release|Any CPU
		{51A2CB99-E192-4E88-B7B6-48E94760D9FB}.Release|x86.ActiveCfg = Release|Any CPU
		{51A2CB99-E192-4E88-B7B6-48E94760D9FB}.Release|x86.Build.0 = Release|Any CPU
	EndGlobalSection
	GlobalSection(SolutionProperties) = preSolution
		HideSolutionNode = FALSE
	EndGlobalSection
	GlobalSection(ExtensibilityGlobals) = postSolution
		SolutionGuid = {0BCD8F57-6075-4EE2-A864-59DD98E99FD9}
	EndGlobalSection
EndGlobal
